// !$*UTF8*$!
{
	archiveVersion = 1;
	classes = {
	};
	objectVersion = 55;
	objects = {

/* Begin PBXBuildFile section */
		F681108129AF9DEC00075FF9 /* AppDelegate.swift in Sources */ = {isa = PBXBuildFile; fileRef = F681108029AF9DEC00075FF9 /* AppDelegate.swift */; };
		F681108329AF9DEC00075FF9 /* SceneDelegate.swift in Sources */ = {isa = PBXBuildFile; fileRef = F681108229AF9DEC00075FF9 /* SceneDelegate.swift */; };
		F681108529AF9DEC00075FF9 /* ViewController.swift in Sources */ = {isa = PBXBuildFile; fileRef = F681108429AF9DEC00075FF9 /* ViewController.swift */; };
		F681108829AF9DEC00075FF9 /* Main.storyboard in Resources */ = {isa = PBXBuildFile; fileRef = F681108629AF9DEC00075FF9 /* Main.storyboard */; };
		F681108A29AF9DED00075FF9 /* Assets.xcassets in Resources */ = {isa = PBXBuildFile; fileRef = F681108929AF9DED00075FF9 /* Assets.xcassets */; };
		F681108D29AF9DED00075FF9 /* LaunchScreen.storyboard in Resources */ = {isa = PBXBuildFile; fileRef = F681108B29AF9DED00075FF9 /* LaunchScreen.storyboard */; };
		F681109829AF9DEE00075FF9 /* ChessTests.swift in Sources */ = {isa = PBXBuildFile; fileRef = F681109729AF9DEE00075FF9 /* ChessTests.swift */; };
		F68110A229AF9DEE00075FF9 /* ChessUITests.swift in Sources */ = {isa = PBXBuildFile; fileRef = F68110A129AF9DEE00075FF9 /* ChessUITests.swift */; };
		F68110A429AF9DEE00075FF9 /* ChessUITestsLaunchTests.swift in Sources */ = {isa = PBXBuildFile; fileRef = F68110A329AF9DEE00075FF9 /* ChessUITestsLaunchTests.swift */; };
/* End PBXBuildFile section */

/* Begin PBXContainerItemProxy section */
		F681109429AF9DED00075FF9 /* PBXContainerItemProxy */ = {
			isa = PBXContainerItemProxy;
			containerPortal = F681107529AF9DEC00075FF9 /* Project object */;
			proxyType = 1;
			remoteGlobalIDString = F681107C29AF9DEC00075FF9;
			remoteInfo = Chess;
		};
		F681109E29AF9DEE00075FF9 /* PBXContainerItemProxy */ = {
			isa = PBXContainerItemProxy;
			containerPortal = F681107529AF9DEC00075FF9 /* Project object */;
			proxyType = 1;
			remoteGlobalIDString = F681107C29AF9DEC00075FF9;
			remoteInfo = Chess;
		};
/* End PBXContainerItemProxy section */

/* Begin PBXFileReference section */
		F681107D29AF9DEC00075FF9 /* Chess.app */ = {isa = PBXFileReference; explicitFileType = wrapper.application; includeInIndex = 0; path = Chess.app; sourceTree = BUILT_PRODUCTS_DIR; };
		F681108029AF9DEC00075FF9 /* AppDelegate.swift */ = {isa = PBXFileReference; lastKnownFileType = sourcecode.swift; path = AppDelegate.swift; sourceTree = "<group>"; };
		F681108229AF9DEC00075FF9 /* SceneDelegate.swift */ = {isa = PBXFileReference; lastKnownFileType = sourcecode.swift; path = SceneDelegate.swift; sourceTree = "<group>"; };
		F681108429AF9DEC00075FF9 /* ViewController.swift */ = {isa = PBXFileReference; lastKnownFileType = sourcecode.swift; path = ViewController.swift; sourceTree = "<group>"; };
		F681108729AF9DEC00075FF9 /* Base */ = {isa = PBXFileReference; lastKnownFileType = file.storyboard; name = Base; path = Base.lproj/Main.storyboard; sourceTree = "<group>"; };
		F681108929AF9DED00075FF9 /* Assets.xcassets */ = {isa = PBXFileReference; lastKnownFileType = folder.assetcatalog; path = Assets.xcassets; sourceTree = "<group>"; };
		F681108C29AF9DED00075FF9 /* Base */ = {isa = PBXFileReference; lastKnownFileType = file.storyboard; name = Base; path = Base.lproj/LaunchScreen.storyboard; sourceTree = "<group>"; };
		F681108E29AF9DED00075FF9 /* Info.plist */ = {isa = PBXFileReference; lastKnownFileType = text.plist.xml; path = Info.plist; sourceTree = "<group>"; };
		F681109329AF9DED00075FF9 /* ChessTests.xctest */ = {isa = PBXFileReference; explicitFileType = wrapper.cfbundle; includeInIndex = 0; path = ChessTests.xctest; sourceTree = BUILT_PRODUCTS_DIR; };
		F681109729AF9DEE00075FF9 /* ChessTests.swift */ = {isa = PBXFileReference; lastKnownFileType = sourcecode.swift; path = ChessTests.swift; sourceTree = "<group>"; };
		F681109D29AF9DEE00075FF9 /* ChessUITests.xctest */ = {isa = PBXFileReference; explicitFileType = wrapper.cfbundle; includeInIndex = 0; path = ChessUITests.xctest; sourceTree = BUILT_PRODUCTS_DIR; };
		F68110A129AF9DEE00075FF9 /* ChessUITests.swift */ = {isa = PBXFileReference; lastKnownFileType = sourcecode.swift; path = ChessUITests.swift; sourceTree = "<group>"; };
		F68110A329AF9DEE00075FF9 /* ChessUITestsLaunchTests.swift */ = {isa = PBXFileReference; lastKnownFileType = sourcecode.swift; path = ChessUITestsLaunchTests.swift; sourceTree = "<group>"; };
/* End PBXFileReference section */

/* Begin PBXFrameworksBuildPhase section */
		F681107A29AF9DEC00075FF9 /* Frameworks */ = {
			isa = PBXFrameworksBuildPhase;
			buildActionMask = 2147483647;
			files = (
			);
			runOnlyForDeploymentPostprocessing = 0;
		};
		F681109029AF9DED00075FF9 /* Frameworks */ = {
			isa = PBXFrameworksBuildPhase;
			buildActionMask = 2147483647;
			files = (
			);
			runOnlyForDeploymentPostprocessing = 0;
		};
		F681109A29AF9DEE00075FF9 /* Frameworks */ = {
			isa = PBXFrameworksBuildPhase;
			buildActionMask = 2147483647;
			files = (
			);
			runOnlyForDeploymentPostprocessing = 0;
		};
/* End PBXFrameworksBuildPhase section */

/* Begin PBXGroup section */
		F681107429AF9DEC00075FF9 = {
			isa = PBXGroup;
			children = (
				F681107F29AF9DEC00075FF9 /* Chess */,
				F681109629AF9DED00075FF9 /* ChessTests */,
				F68110A029AF9DEE00075FF9 /* ChessUITests */,
				F681107E29AF9DEC00075FF9 /* Products */,
			);
			sourceTree = "<group>";
		};
		F681107E29AF9DEC00075FF9 /* Products */ = {
			isa = PBXGroup;
			children = (
				F681107D29AF9DEC00075FF9 /* Chess.app */,
				F681109329AF9DED00075FF9 /* ChessTests.xctest */,
				F681109D29AF9DEE00075FF9 /* ChessUITests.xctest */,
			);
			name = Products;
			sourceTree = "<group>";
		};
		F681107F29AF9DEC00075FF9 /* Chess */ = {
			isa = PBXGroup;
			children = (
				F681108029AF9DEC00075FF9 /* AppDelegate.swift */,
				F681108229AF9DEC00075FF9 /* SceneDelegate.swift */,
				F681108429AF9DEC00075FF9 /* ViewController.swift */,
				F681108629AF9DEC00075FF9 /* Main.storyboard */,
				F681108929AF9DED00075FF9 /* Assets.xcassets */,
				F681108B29AF9DED00075FF9 /* LaunchScreen.storyboard */,
				F681108E29AF9DED00075FF9 /* Info.plist */,
			);
			path = Chess;
			sourceTree = "<group>";
		};
		F681109629AF9DED00075FF9 /* ChessTests */ = {
			isa = PBXGroup;
			children = (
				F681109729AF9DEE00075FF9 /* ChessTests.swift */,
			);
			path = ChessTests;
			sourceTree = "<group>";
		};
		F68110A029AF9DEE00075FF9 /* ChessUITests */ = {
			isa = PBXGroup;
			children = (
				F68110A129AF9DEE00075FF9 /* ChessUITests.swift */,
				F68110A329AF9DEE00075FF9 /* ChessUITestsLaunchTests.swift */,
			);
			path = ChessUITests;
			sourceTree = "<group>";
		};
/* End PBXGroup section */

/* Begin PBXNativeTarget section */
		F681107C29AF9DEC00075FF9 /* Chess */ = {
			isa = PBXNativeTarget;
			buildConfigurationList = F68110A729AF9DEE00075FF9 /* Build configuration list for PBXNativeTarget "Chess" */;
			buildPhases = (
				F681107929AF9DEC00075FF9 /* Sources */,
				F681107A29AF9DEC00075FF9 /* Frameworks */,
				F681107B29AF9DEC00075FF9 /* Resources */,
			);
			buildRules = (
			);
			dependencies = (
			);
			name = Chess;
			productName = Chess;
			productReference = F681107D29AF9DEC00075FF9 /* Chess.app */;
			productType = "com.apple.product-type.application";
		};
		F681109229AF9DED00075FF9 /* ChessTests */ = {
			isa = PBXNativeTarget;
			buildConfigurationList = F68110AA29AF9DEE00075FF9 /* Build configuration list for PBXNativeTarget "ChessTests" */;
			buildPhases = (
				F681108F29AF9DED00075FF9 /* Sources */,
				F681109029AF9DED00075FF9 /* Frameworks */,
				F681109129AF9DED00075FF9 /* Resources */,
			);
			buildRules = (
			);
			dependencies = (
				F681109529AF9DED00075FF9 /* PBXTargetDependency */,
			);
			name = ChessTests;
			productName = ChessTests;
			productReference = F681109329AF9DED00075FF9 /* ChessTests.xctest */;
			productType = "com.apple.product-type.bundle.unit-test";
		};
		F681109C29AF9DEE00075FF9 /* ChessUITests */ = {
			isa = PBXNativeTarget;
			buildConfigurationList = F68110AD29AF9DEE00075FF9 /* Build configuration list for PBXNativeTarget "ChessUITests" */;
			buildPhases = (
				F681109929AF9DEE00075FF9 /* Sources */,
				F681109A29AF9DEE00075FF9 /* Frameworks */,
				F681109B29AF9DEE00075FF9 /* Resources */,
			);
			buildRules = (
			);
			dependencies = (
				F681109F29AF9DEE00075FF9 /* PBXTargetDependency */,
			);
			name = ChessUITests;
			productName = ChessUITests;
			productReference = F681109D29AF9DEE00075FF9 /* ChessUITests.xctest */;
			productType = "com.apple.product-type.bundle.ui-testing";
		};
/* End PBXNativeTarget section */

/* Begin PBXProject section */
		F681107529AF9DEC00075FF9 /* Project object */ = {
			isa = PBXProject;
			attributes = {
				BuildIndependentTargetsInParallel = 1;
				LastSwiftUpdateCheck = 1320;
				LastUpgradeCheck = 1320;
				TargetAttributes = {
					F681107C29AF9DEC00075FF9 = {
						CreatedOnToolsVersion = 13.2.1;
					};
					F681109229AF9DED00075FF9 = {
						CreatedOnToolsVersion = 13.2.1;
						TestTargetID = F681107C29AF9DEC00075FF9;
					};
					F681109C29AF9DEE00075FF9 = {
						CreatedOnToolsVersion = 13.2.1;
						TestTargetID = F681107C29AF9DEC00075FF9;
					};
				};
			};
			buildConfigurationList = F681107829AF9DEC00075FF9 /* Build configuration list for PBXProject "Chess" */;
			compatibilityVersion = "Xcode 13.0";
			developmentRegion = en;
			hasScannedForEncodings = 0;
			knownRegions = (
				en,
				Base,
			);
			mainGroup = F681107429AF9DEC00075FF9;
			productRefGroup = F681107E29AF9DEC00075FF9 /* Products */;
			projectDirPath = "";
			projectRoot = "";
			targets = (
				F681107C29AF9DEC00075FF9 /* Chess */,
				F681109229AF9DED00075FF9 /* ChessTests */,
				F681109C29AF9DEE00075FF9 /* ChessUITests */,
			);
		};
/* End PBXProject section */

/* Begin PBXResourcesBuildPhase section */
		F681107B29AF9DEC00075FF9 /* Resources */ = {
			isa = PBXResourcesBuildPhase;
			buildActionMask = 2147483647;
			files = (
				F681108D29AF9DED00075FF9 /* LaunchScreen.storyboard in Resources */,
				F681108A29AF9DED00075FF9 /* Assets.xcassets in Resources */,
				F681108829AF9DEC00075FF9 /* Main.storyboard in Resources */,
			);
			runOnlyForDeploymentPostprocessing = 0;
		};
		F681109129AF9DED00075FF9 /* Resources */ = {
			isa = PBXResourcesBuildPhase;
			buildActionMask = 2147483647;
			files = (
			);
			runOnlyForDeploymentPostprocessing = 0;
		};
		F681109B29AF9DEE00075FF9 /* Resources */ = {
			isa = PBXResourcesBuildPhase;
			buildActionMask = 2147483647;
			files = (
			);
			runOnlyForDeploymentPostprocessing = 0;
		};
/* End PBXResourcesBuildPhase section */

/* Begin PBXSourcesBuildPhase section */
		F681107929AF9DEC00075FF9 /* Sources */ = {
			isa = PBXSourcesBuildPhase;
			buildActionMask = 2147483647;
			files = (
				F681108529AF9DEC00075FF9 /* ViewController.swift in Sources */,
				F681108129AF9DEC00075FF9 /* AppDelegate.swift in Sources */,
				F681108329AF9DEC00075FF9 /* SceneDelegate.swift in Sources */,
			);
			runOnlyForDeploymentPostprocessing = 0;
		};
		F681108F29AF9DED00075FF9 /* Sources */ = {
			isa = PBXSourcesBuildPhase;
			buildActionMask = 2147483647;
			files = (
				F681109829AF9DEE00075FF9 /* ChessTests.swift in Sources */,
			);
			runOnlyForDeploymentPostprocessing = 0;
		};
		F681109929AF9DEE00075FF9 /* Sources */ = {
			isa = PBXSourcesBuildPhase;
			buildActionMask = 2147483647;
			files = (
				F68110A229AF9DEE00075FF9 /* ChessUITests.swift in Sources */,
				F68110A429AF9DEE00075FF9 /* ChessUITestsLaunchTests.swift in Sources */,
			);
			runOnlyForDeploymentPostprocessing = 0;
		};
/* End PBXSourcesBuildPhase section */

/* Begin PBXTargetDependency section */
		F681109529AF9DED00075FF9 /* PBXTargetDependency */ = {
			isa = PBXTargetDependency;
			target = F681107C29AF9DEC00075FF9 /* Chess */;
			targetProxy = F681109429AF9DED00075FF9 /* PBXContainerItemProxy */;
		};
		F681109F29AF9DEE00075FF9 /* PBXTargetDependency */ = {
			isa = PBXTargetDependency;
			target = F681107C29AF9DEC00075FF9 /* Chess */;
			targetProxy = F681109E29AF9DEE00075FF9 /* PBXContainerItemProxy */;
		};
/* End PBXTargetDependency section */

/* Begin PBXVariantGroup section */
		F681108629AF9DEC00075FF9 /* Main.storyboard */ = {
			isa = PBXVariantGroup;
			children = (
				F681108729AF9DEC00075FF9 /* Base */,
			);
			name = Main.storyboard;
			sourceTree = "<group>";
		};
		F681108B29AF9DED00075FF9 /* LaunchScreen.storyboard */ = {
			isa = PBXVariantGroup;
			children = (
				F681108C29AF9DED00075FF9 /* Base */,
			);
			name = LaunchScreen.storyboard;
			sourceTree = "<group>";
		};
/* End PBXVariantGroup section */

/* Begin XCBuildConfiguration section */
		F68110A529AF9DEE00075FF9 /* Debug */ = {
			isa = XCBuildConfiguration;
			buildSettings = {
				ALWAYS_SEARCH_USER_PATHS = NO;
				CLANG_ANALYZER_NONNULL = YES;
				CLANG_ANALYZER_NUMBER_OBJECT_CONVERSION = YES_AGGRESSIVE;
				CLANG_CXX_LANGUAGE_STANDARD = "gnu++17";
				CLANG_CXX_LIBRARY = "libc++";
				CLANG_ENABLE_MODULES = YES;
				CLANG_ENABLE_OBJC_ARC = YES;
				CLANG_ENABLE_OBJC_WEAK = YES;
				CLANG_WARN_BLOCK_CAPTURE_AUTORELEASING = YES;
				CLANG_WARN_BOOL_CONVERSION = YES;
				CLANG_WARN_COMMA = YES;
				CLANG_WARN_CONSTANT_CONVERSION = YES;
				CLANG_WARN_DEPRECATED_OBJC_IMPLEMENTATIONS = YES;
				CLANG_WARN_DIRECT_OBJC_ISA_USAGE = YES_ERROR;
				CLANG_WARN_DOCUMENTATION_COMMENTS = YES;
				CLANG_WARN_EMPTY_BODY = YES;
				CLANG_WARN_ENUM_CONVERSION = YES;
				CLANG_WARN_INFINITE_RECURSION = YES;
				CLANG_WARN_INT_CONVERSION = YES;
				CLANG_WARN_NON_LITERAL_NULL_CONVERSION = YES;
				CLANG_WARN_OBJC_IMPLICIT_RETAIN_SELF = YES;
				CLANG_WARN_OBJC_LITERAL_CONVERSION = YES;
				CLANG_WARN_OBJC_ROOT_CLASS = YES_ERROR;
				CLANG_WARN_QUOTED_INCLUDE_IN_FRAMEWORK_HEADER = YES;
				CLANG_WARN_RANGE_LOOP_ANALYSIS = YES;
				CLANG_WARN_STRICT_PROTOTYPES = YES;
				CLANG_WARN_SUSPICIOUS_MOVE = YES;
				CLANG_WARN_UNGUARDED_AVAILABILITY = YES_AGGRESSIVE;
				CLANG_WARN_UNREACHABLE_CODE = YES;
				CLANG_WARN__DUPLICATE_METHOD_MATCH = YES;
				COPY_PHASE_STRIP = NO;
				DEBUG_INFORMATION_FORMAT = dwarf;
				ENABLE_STRICT_OBJC_MSGSEND = YES;
				ENABLE_TESTABILITY = YES;
				GCC_C_LANGUAGE_STANDARD = gnu11;
				GCC_DYNAMIC_NO_PIC = NO;
				GCC_NO_COMMON_BLOCKS = YES;
				GCC_OPTIMIZATION_LEVEL = 0;
				GCC_PREPROCESSOR_DEFINITIONS = (
					"DEBUG=1",
					"$(inherited)",
				);
				GCC_WARN_64_TO_32_BIT_CONVERSION = YES;
				GCC_WARN_ABOUT_RETURN_TYPE = YES_ERROR;
				GCC_WARN_UNDECLARED_SELECTOR = YES;
				GCC_WARN_UNINITIALIZED_AUTOS = YES_AGGRESSIVE;
				GCC_WARN_UNUSED_FUNCTION = YES;
				GCC_WARN_UNUSED_VARIABLE = YES;
				IPHONEOS_DEPLOYMENT_TARGET = 15.2;
				MTL_ENABLE_DEBUG_INFO = INCLUDE_SOURCE;
				MTL_FAST_MATH = YES;
				ONLY_ACTIVE_ARCH = YES;
				SDKROOT = iphoneos;
				SWIFT_ACTIVE_COMPILATION_CONDITIONS = DEBUG;
				SWIFT_OPTIMIZATION_LEVEL = "-Onone";
			};
			name = Debug;
		};
		F68110A629AF9DEE00075FF9 /* Release */ = {
			isa = XCBuildConfiguration;
			buildSettings = {
				ALWAYS_SEARCH_USER_PATHS = NO;
				CLANG_ANALYZER_NONNULL = YES;
				CLANG_ANALYZER_NUMBER_OBJECT_CONVERSION = YES_AGGRESSIVE;
				CLANG_CXX_LANGUAGE_STANDARD = "gnu++17";
				CLANG_CXX_LIBRARY = "libc++";
				CLANG_ENABLE_MODULES = YES;
				CLANG_ENABLE_OBJC_ARC = YES;
				CLANG_ENABLE_OBJC_WEAK = YES;
				CLANG_WARN_BLOCK_CAPTURE_AUTORELEASING = YES;
				CLANG_WARN_BOOL_CONVERSION = YES;
				CLANG_WARN_COMMA = YES;
				CLANG_WARN_CONSTANT_CONVERSION = YES;
				CLANG_WARN_DEPRECATED_OBJC_IMPLEMENTATIONS = YES;
				CLANG_WARN_DIRECT_OBJC_ISA_USAGE = YES_ERROR;
				CLANG_WARN_DOCUMENTATION_COMMENTS = YES;
				CLANG_WARN_EMPTY_BODY = YES;
				CLANG_WARN_ENUM_CONVERSION = YES;
				CLANG_WARN_INFINITE_RECURSION = YES;
				CLANG_WARN_INT_CONVERSION = YES;
				CLANG_WARN_NON_LITERAL_NULL_CONVERSION = YES;
				CLANG_WARN_OBJC_IMPLICIT_RETAIN_SELF = YES;
				CLANG_WARN_OBJC_LITERAL_CONVERSION = YES;
				CLANG_WARN_OBJC_ROOT_CLASS = YES_ERROR;
				CLANG_WARN_QUOTED_INCLUDE_IN_FRAMEWORK_HEADER = YES;
				CLANG_WARN_RANGE_LOOP_ANALYSIS = YES;
				CLANG_WARN_STRICT_PROTOTYPES = YES;
				CLANG_WARN_SUSPICIOUS_MOVE = YES;
				CLANG_WARN_UNGUARDED_AVAILABILITY = YES_AGGRESSIVE;
				CLANG_WARN_UNREACHABLE_CODE = YES;
				CLANG_WARN__DUPLICATE_METHOD_MATCH = YES;
				COPY_PHASE_STRIP = NO;
				DEBUG_INFORMATION_FORMAT = "dwarf-with-dsym";
				ENABLE_NS_ASSERTIONS = NO;
				ENABLE_STRICT_OBJC_MSGSEND = YES;
				GCC_C_LANGUAGE_STANDARD = gnu11;
				GCC_NO_COMMON_BLOCKS = YES;
				GCC_WARN_64_TO_32_BIT_CONVERSION = YES;
				GCC_WARN_ABOUT_RETURN_TYPE = YES_ERROR;
				GCC_WARN_UNDECLARED_SELECTOR = YES;
				GCC_WARN_UNINITIALIZED_AUTOS = YES_AGGRESSIVE;
				GCC_WARN_UNUSED_FUNCTION = YES;
				GCC_WARN_UNUSED_VARIABLE = YES;
				IPHONEOS_DEPLOYMENT_TARGET = 15.2;
				MTL_ENABLE_DEBUG_INFO = NO;
				MTL_FAST_MATH = YES;
				SDKROOT = iphoneos;
				SWIFT_COMPILATION_MODE = wholemodule;
				SWIFT_OPTIMIZATION_LEVEL = "-O";
				VALIDATE_PRODUCT = YES;
			};
			name = Release;
		};
		F68110A829AF9DEE00075FF9 /* Debug */ = {
			isa = XCBuildConfiguration;
			buildSettings = {
				ASSETCATALOG_COMPILER_APPICON_NAME = AppIcon;
				ASSETCATALOG_COMPILER_GLOBAL_ACCENT_COLOR_NAME = AccentColor;
				CODE_SIGN_STYLE = Automatic;
				CURRENT_PROJECT_VERSION = 1;
				DEVELOPMENT_TEAM = SQKH3FCSP3;
				GENERATE_INFOPLIST_FILE = YES;
				INFOPLIST_FILE = Chess/Info.plist;
				INFOPLIST_KEY_UIApplicationSupportsIndirectInputEvents = YES;
				INFOPLIST_KEY_UILaunchStoryboardName = LaunchScreen;
				INFOPLIST_KEY_UIMainStoryboardFile = Main;
				INFOPLIST_KEY_UISupportedInterfaceOrientations_iPad = "UIInterfaceOrientationPortrait UIInterfaceOrientationPortraitUpsideDown UIInterfaceOrientationLandscapeLeft UIInterfaceOrientationLandscapeRight";
				INFOPLIST_KEY_UISupportedInterfaceOrientations_iPhone = "UIInterfaceOrientationPortrait UIInterfaceOrientationLandscapeLeft UIInterfaceOrientationLandscapeRight";
				LD_RUNPATH_SEARCH_PATHS = (
					"$(inherited)",
					"@executable_path/Frameworks",
				);
				MARKETING_VERSION = 1.0;
				PRODUCT_BUNDLE_IDENTIFIER = com.kreeapps.Chess;
				PRODUCT_NAME = "$(TARGET_NAME)";
				SWIFT_EMIT_LOC_STRINGS = YES;
				SWIFT_VERSION = 5.0;
				TARGETED_DEVICE_FAMILY = "1,2";
			};
			name = Debug;
		};
		F68110A929AF9DEE00075FF9 /* Release */ = {
			isa = XCBuildConfiguration;
			buildSettings = {
				ASSETCATALOG_COMPILER_APPICON_NAME = AppIcon;
				ASSETCATALOG_COMPILER_GLOBAL_ACCENT_COLOR_NAME = AccentColor;
				CODE_SIGN_STYLE = Automatic;
				CURRENT_PROJECT_VERSION = 1;
				DEVELOPMENT_TEAM = SQKH3FCSP3;
				GENERATE_INFOPLIST_FILE = YES;
				INFOPLIST_FILE = Chess/Info.plist;
				INFOPLIST_KEY_UIApplicationSupportsIndirectInputEvents = YES;
				INFOPLIST_KEY_UILaunchStoryboardName = LaunchScreen;
				INFOPLIST_KEY_UIMainStoryboardFile = Main;
				INFOPLIST_KEY_UISupportedInterfaceOrientations_iPad = "UIInterfaceOrientationPortrait UIInterfaceOrientationPortraitUpsideDown UIInterfaceOrientationLandscapeLeft UIInterfaceOrientationLandscapeRight";
				INFOPLIST_KEY_UISupportedInterfaceOrientations_iPhone = "UIInterfaceOrientationPortrait UIInterfaceOrientationLandscapeLeft UIInterfaceOrientationLandscapeRight";
				LD_RUNPATH_SEARCH_PATHS = (
					"$(inherited)",
					"@executable_path/Frameworks",
				);
				MARKETING_VERSION = 1.0;
				PRODUCT_BUNDLE_IDENTIFIER = com.kreeapps.Chess;
				PRODUCT_NAME = "$(TARGET_NAME)";
				SWIFT_EMIT_LOC_STRINGS = YES;
				SWIFT_VERSION = 5.0;
				TARGETED_DEVICE_FAMILY = "1,2";
			};
			name = Release;
		};
		F68110AB29AF9DEE00075FF9 /* Debug */ = {
			isa = XCBuildConfiguration;
			buildSettings = {
				ALWAYS_EMBED_SWIFT_STANDARD_LIBRARIES = YES;
				BUNDLE_LOADER = "$(TEST_HOST)";
				CODE_SIGN_STYLE = Automatic;
				CURRENT_PROJECT_VERSION = 1;
				DEVELOPMENT_TEAM = SQKH3FCSP3;
				GENERATE_INFOPLIST_FILE = YES;
				IPHONEOS_DEPLOYMENT_TARGET = 15.2;
				MARKETING_VERSION = 1.0;
				PRODUCT_BUNDLE_IDENTIFIER = com.kreeapps.ChessTests;
				PRODUCT_NAME = "$(TARGET_NAME)";
				SWIFT_EMIT_LOC_STRINGS = NO;
				SWIFT_VERSION = 5.0;
				TARGETED_DEVICE_FAMILY = "1,2";
				TEST_HOST = "$(BUILT_PRODUCTS_DIR)/Chess.app/Chess";
			};
			name = Debug;
		};
		F68110AC29AF9DEE00075FF9 /* Release */ = {
			isa = XCBuildConfiguration;
			buildSettings = {
				ALWAYS_EMBED_SWIFT_STANDARD_LIBRARIES = YES;
				BUNDLE_LOADER = "$(TEST_HOST)";
				CODE_SIGN_STYLE = Automatic;
				CURRENT_PROJECT_VERSION = 1;
				DEVELOPMENT_TEAM = SQKH3FCSP3;
				GENERATE_INFOPLIST_FILE = YES;
				IPHONEOS_DEPLOYMENT_TARGET = 15.2;
				MARKETING_VERSION = 1.0;
				PRODUCT_BUNDLE_IDENTIFIER = com.kreeapps.ChessTests;
				PRODUCT_NAME = "$(TARGET_NAME)";
				SWIFT_EMIT_LOC_STRINGS = NO;
				SWIFT_VERSION = 5.0;
				TARGETED_DEVICE_FAMILY = "1,2";
				TEST_HOST = "$(BUILT_PRODUCTS_DIR)/Chess.app/Chess";
			};
			name = Release;
		};
		F68110AE29AF9DEE00075FF9 /* Debug */ = {
			isa = XCBuildConfiguration;
			buildSettings = {
				ALWAYS_EMBED_SWIFT_STANDARD_LIBRARIES = YES;
				CODE_SIGN_STYLE = Automatic;
				CURRENT_PROJECT_VERSION = 1;
				DEVELOPMENT_TEAM = SQKH3FCSP3;
				GENERATE_INFOPLIST_FILE = YES;
				MARKETING_VERSION = 1.0;
				PRODUCT_BUNDLE_IDENTIFIER = com.kreeapps.ChessUITests;
				PRODUCT_NAME = "$(TARGET_NAME)";
				SWIFT_EMIT_LOC_STRINGS = NO;
				SWIFT_VERSION = 5.0;
				TARGETED_DEVICE_FAMILY = "1,2";
				TEST_TARGET_NAME = Chess;
			};
			name = Debug;
		};
		F68110AF29AF9DEE00075FF9 /* Release */ = {
			isa = XCBuildConfiguration;
			buildSettings = {
				ALWAYS_EMBED_SWIFT_STANDARD_LIBRARIES = YES;
				CODE_SIGN_STYLE = Automatic;
				CURRENT_PROJECT_VERSION = 1;
				DEVELOPMENT_TEAM = SQKH3FCSP3;
				GENERATE_INFOPLIST_FILE = YES;
				MARKETING_VERSION = 1.0;
				PRODUCT_BUNDLE_IDENTIFIER = com.kreeapps.ChessUITests;
				PRODUCT_NAME = "$(TARGET_NAME)";
				SWIFT_EMIT_LOC_STRINGS = NO;
				SWIFT_VERSION = 5.0;
				TARGETED_DEVICE_FAMILY = "1,2";
				TEST_TARGET_NAME = Chess;
			};
			name = Release;
		};
/* End XCBuildConfiguration section */

/* Begin XCConfigurationList section */
		F681107829AF9DEC00075FF9 /* Build configuration list for PBXProject "Chess" */ = {
			isa = XCConfigurationList;
			buildConfigurations = (
				F68110A529AF9DEE00075FF9 /* Debug */,
				F68110A629AF9DEE00075FF9 /* Release */,
			);
			defaultConfigurationIsVisible = 0;
			defaultConfigurationName = Release;
		};
		F68110A729AF9DEE00075FF9 /* Build configuration list for PBXNativeTarget "Chess" */ = {
			isa = XCConfigurationList;
			buildConfigurations = (
				F68110A829AF9DEE00075FF9 /* Debug */,
				F68110A929AF9DEE00075FF9 /* Release */,
			);
			defaultConfigurationIsVisible = 0;
			defaultConfigurationName = Release;
		};
		F68110AA29AF9DEE00075FF9 /* Build configuration list for PBXNativeTarget "ChessTests" */ = {
			isa = XCConfigurationList;
			buildConfigurations = (
				F68110AB29AF9DEE00075FF9 /* Debug */,
				F68110AC29AF9DEE00075FF9 /* Release */,
			);
			defaultConfigurationIsVisible = 0;
			defaultConfigurationName = Release;
		};
		F68110AD29AF9DEE00075FF9 /* Build configuration list for PBXNativeTarget "ChessUITests" */ = {
			isa = XCConfigurationList;
			buildConfigurations = (
				F68110AE29AF9DEE00075FF9 /* Debug */,
				F68110AF29AF9DEE00075FF9 /* Release */,
			);
			defaultConfigurationIsVisible = 0;
			defaultConfigurationName = Release;
		};
/* End XCConfigurationList section */
	};
	rootObject = F681107529AF9DEC00075FF9 /* Project object */;
}
